{
  "version": 4,
  "terraform_version": "1.9.5",
  "serial": 3,
  "lineage": "33bf3be7-ca1b-8949-59a1-37c39295f3ba",
  "outputs": {},
  "resources": [
    {
      "mode": "managed",
      "type": "google_container_cluster",
      "name": "primary",
      "provider": "provider[\"registry.terraform.io/hashicorp/google\"]",
      "instances": [
        {
          "schema_version": 2,
          "attributes": {
            "addons_config": [
              {
                "cloudrun_config": [],
                "config_connector_config": [],
                "dns_cache_config": [],
                "gce_persistent_disk_csi_driver_config": [
                  {
                    "enabled": true
                  }
                ],
                "gcp_filestore_csi_driver_config": [],
                "gcs_fuse_csi_driver_config": [],
                "gke_backup_agent_config": [],
                "horizontal_pod_autoscaling": [],
                "http_load_balancing": [],
                "network_policy_config": [
                  {
                    "disabled": true
                  }
                ],
                "ray_operator_config": [],
                "stateful_ha_config": []
              }
            ],
            "allow_net_admin": null,
            "authenticator_groups_config": [],
            "binary_authorization": [
              {
                "enabled": false,
                "evaluation_mode": ""
              }
            ],
            "cluster_autoscaling": [
              {
                "auto_provisioning_defaults": [],
                "auto_provisioning_locations": [],
                "autoscaling_profile": "BALANCED",
                "enabled": false,
                "resource_limits": []
              }
            ],
            "cluster_ipv4_cidr": "10.12.0.0/14",
            "confidential_nodes": [],
            "cost_management_config": [],
            "database_encryption": [
              {
                "key_name": "",
                "state": "DECRYPTED"
              }
            ],
            "datapath_provider": "",
            "default_max_pods_per_node": 110,
            "default_snat_status": [
              {
                "disabled": false
              }
            ],
            "deletion_protection": true,
            "description": "",
            "dns_config": [],
            "effective_labels": {
              "goog-terraform-provisioned": "true"
            },
            "enable_autopilot": false,
            "enable_cilium_clusterwide_network_policy": false,
            "enable_intranode_visibility": false,
            "enable_k8s_beta_apis": [],
            "enable_kubernetes_alpha": false,
            "enable_l4_ilb_subsetting": false,
            "enable_legacy_abac": false,
            "enable_multi_networking": false,
            "enable_shielded_nodes": true,
            "enable_tpu": false,
            "endpoint": "35.224.176.47",
            "fleet": [],
            "gateway_api_config": [],
            "id": "projects/jamesdv-mlops/locations/us-central1/clusters/kubeflow-mlops",
            "identity_service_config": [],
            "initial_node_count": 1,
            "ip_allocation_policy": [
              {
                "additional_pod_ranges_config": [],
                "cluster_ipv4_cidr_block": "10.12.0.0/14",
                "cluster_secondary_range_name": "gke-kubeflow-mlops-pods-0e747044",
                "pod_cidr_overprovision_config": [
                  {
                    "disabled": false
                  }
                ],
                "services_ipv4_cidr_block": "34.118.224.0/20",
                "services_secondary_range_name": "",
                "stack_type": "IPV4"
              }
            ],
            "label_fingerprint": "78cdf2f6",
            "location": "us-central1",
            "logging_config": [
              {
                "enable_components": [
                  "SYSTEM_COMPONENTS",
                  "WORKLOADS"
                ]
              }
            ],
            "logging_service": "logging.googleapis.com/kubernetes",
            "maintenance_policy": [],
            "master_auth": [
              {
                "client_certificate": "",
                "client_certificate_config": [
                  {
                    "issue_client_certificate": false
                  }
                ],
                "client_key": "",
                "cluster_ca_certificate": "LS0tLS1CRUdJTiBDRVJUSUZJQ0FURS0tLS0tCk1JSUVMVENDQXBXZ0F3SUJBZ0lSQU51ZGZVNDZwYnYvMmZqdTlXcEhtajB3RFFZSktvWklodmNOQVFFTEJRQXcKTHpFdE1Dc0dBMVVFQXhNa1pUQTVNR00zTUdRdFpHTXdOQzAwTlRkbExXRXhaRFV0TWpoaVltSmtaR00wTW1RNApNQ0FYRFRJME1Ea3lNakV6TVRVd00xb1lEekl3TlRRd09URTFNVFF4TlRBeldqQXZNUzB3S3dZRFZRUURFeVJsCk1Ea3dZemN3WkMxa1l6QTBMVFExTjJVdFlURmtOUzB5T0dKaVltUmtZelF5WkRnd2dnR2lNQTBHQ1NxR1NJYjMKRFFFQkFRVUFBNElCandBd2dnR0tBb0lCZ1FDN21iQVVYTTZ4T1NkSy85KzdzV0taYTIrWVRNWnRaZVlpSDE3MgpwUmxQaGkwY1gwbC9OM1NkSFVVdlZtdW5EWjNJZG4ySHdZdmJOeGoxTzlpYllMZENESUhrSEphZlRuMGZHc3V0CnJQcGJlZjM3MUk0S1NndTNoV0Y5WFVoS0ZIdFpieXR1Undra1pvMi9NbHpzcXg4SE40Q0svV0tVaUtONUpVZkEKSTRXM1FMQ3pqSVVRY3dCekRMdTFTNUFLTW5wTEx5R2h3N2VoSmZaRVNEMHZJQVdEQnFqQUJvem1JdzZSdElkdwpVVUdIOTRhV045M0w5UG8zKzIyOFpHZVF2SG5BTFU1QzV1RE1PdnpmZWVrdG5yaFVGM2V2UVFTVS9lSU43YmhYCmxZM3l6UkE1bGo0VlZKczNlMUx0QmcwU3BKQVl2ZCsxTWg3djRwTDAwZTJPaHlyMUhiaDhmLy9zMktYVW14d3kKVnNJM0lVaWZKbEZ3SE84TDlYeXU2VkNQWW5yYUoxSk1HUzFlNkIwdmZzaWZkMzg5RzNrWHROUkQ1U3ZudUR1agprVUpKYnVvYy9DbGRNZTVtK05LY2NxVS9tWStVdzJQQ1BoZ1dMYWdUQndvSTRqTWhHd3g2a0toWWlPMjR5NTlqCkwxR1VZdEdwMDY0N09yYVpPZG1WTXBQOTM5VUNBd0VBQWFOQ01FQXdEZ1lEVlIwUEFRSC9CQVFEQWdJRU1BOEcKQTFVZEV3RUIvd1FGTUFNQkFmOHdIUVlEVlIwT0JCWUVGSTlWRlo4S1dVeGx5UWRCc1VoTHZPeVk3M2FnTUEwRwpDU3FHU0liM0RRRUJDd1VBQTRJQmdRQXZUR01kem9nNE9abW42ZDFpdEhlcXdhc1E4VDl5ZTdtSit1cmtCU3dGCmhRSWtoZWt1dTl6R2hmUThoV0dvRHdNWkRkZ0xJc2tuZWs2T05mTXdQb2xtZEdyR2VhTUxzelBPN2JUdHFienAKMVBXbUlMeVJNNnI1SFJ5WGtRTzNpSzJGMVFHTEhxRi9zK2tEZ1Q4dHE1TnlZaURWOUI2bjZady8vcmduNzJVbgo0SHBZZmxXN1NYQkloNGdLMXdCaUFzcllPT3dITjEyeCsxUFRab1RwQzkzKzFrWGkwbXFZV1JMVGN5Z3JETU81CkNkREV6OUNqc0R3QWoyM3ByVTUwc2psNGRqRk9YOHphSzVTUU5tbnJzRnJxL2gvRWNRZDdXTmpRZjFuYTBTTzQKRCtrRlRqZ0Q4ME9kY0V4cURudENIL3NFRVozdEJRU09FTmNaR1d1VTdCUFVyelRyOVNMSFdMUVhzRXhWaEN4bgpaY0hXR2ZBbDFvZkU2eXBnQ2QxRFJ0Q2VycklHNkpEcHBOTEhIdWMxZjZwalZQT1BncGppYmsvNHl5MmdtU1VNClhRd2paMnphZ3oyUnFqNTNNRS95dVo2MklaSEpmQjdyT1YrNnF2RnFTb2NFeTAwd3Ixam9TbDdTVEhXUld1dmwKUmg5MEUwVUFORXBSTlYvbk5KeEdQNms9Ci0tLS0tRU5EIENFUlRJRklDQVRFLS0tLS0K"
              }
            ],
            "master_authorized_networks_config": [],
            "master_version": "1.31.1-gke.1000000",
            "mesh_certificates": [],
            "min_master_version": "1.31",
            "monitoring_config": [
              {
                "advanced_datapath_observability_config": [
                  {
                    "enable_metrics": false,
                    "enable_relay": false
                  }
                ],
                "enable_components": [
                  "SYSTEM_COMPONENTS",
                  "HPA",
                  "POD",
                  "DAEMONSET",
                  "DEPLOYMENT",
                  "STATEFULSET",
                  "STORAGE",
                  "CADVISOR",
                  "KUBELET"
                ],
                "managed_prometheus": [
                  {
                    "enabled": true
                  }
                ]
              }
            ],
            "monitoring_service": "monitoring.googleapis.com/kubernetes",
            "name": "kubeflow-mlops",
            "network": "projects/jamesdv-mlops/global/networks/default",
            "network_policy": [
              {
                "enabled": false,
                "provider": "PROVIDER_UNSPECIFIED"
              }
            ],
            "networking_mode": "VPC_NATIVE",
            "node_config": [],
            "node_locations": [
              "us-central1-a",
              "us-central1-c",
              "us-central1-f"
            ],
            "node_pool": [],
            "node_pool_auto_config": [],
            "node_pool_defaults": [
              {
                "node_config_defaults": [
                  {
                    "containerd_config": [],
                    "insecure_kubelet_readonly_port_enabled": "FALSE",
                    "logging_variant": "DEFAULT"
                  }
                ]
              }
            ],
            "node_version": "1.31.1-gke.1000000",
            "notification_config": [
              {
                "pubsub": [
                  {
                    "enabled": false,
                    "filter": [],
                    "topic": ""
                  }
                ]
              }
            ],
            "operation": null,
            "private_cluster_config": [
              {
                "enable_private_endpoint": false,
                "enable_private_nodes": false,
                "master_global_access_config": [
                  {
                    "enabled": false
                  }
                ],
                "master_ipv4_cidr_block": "",
                "peering_name": "",
                "private_endpoint": "10.128.0.2",
                "private_endpoint_subnetwork": "",
                "public_endpoint": "35.224.176.47"
              }
            ],
            "private_ipv6_google_access": "",
            "project": "jamesdv-mlops",
            "release_channel": [
              {
                "channel": "RAPID"
              }
            ],
            "remove_default_node_pool": true,
            "resource_labels": null,
            "resource_usage_export_config": [],
            "secret_manager_config": [
              {
                "enabled": false
              }
            ],
            "security_posture_config": [
              {
                "mode": "BASIC",
                "vulnerability_mode": "VULNERABILITY_MODE_UNSPECIFIED"
              }
            ],
            "self_link": "https://container.googleapis.com/v1/projects/jamesdv-mlops/locations/us-central1/clusters/kubeflow-mlops",
            "service_external_ips_config": [
              {
                "enabled": false
              }
            ],
            "services_ipv4_cidr": "34.118.224.0/20",
            "subnetwork": "projects/jamesdv-mlops/regions/us-central1/subnetworks/default",
            "terraform_labels": {
              "goog-terraform-provisioned": "true"
            },
            "timeouts": null,
            "tpu_ipv4_cidr_block": "",
            "vertical_pod_autoscaling": [],
            "workload_identity_config": [
              {
                "workload_pool": "jamesdv-mlops.svc.id.goog"
              }
            ]
          },
          "sensitive_attributes": [
            [
              {
                "type": "get_attr",
                "value": "master_auth"
              },
              {
                "type": "index",
                "value": {
                  "value": 0,
                  "type": "number"
                }
              },
              {
                "type": "get_attr",
                "value": "client_key"
              }
            ]
          ],
          "private": "eyJlMmJmYjczMC1lY2FhLTExZTYtOGY4OC0zNDM2M2JjN2M0YzAiOnsiY3JlYXRlIjoyNDAwMDAwMDAwMDAwLCJkZWxldGUiOjI0MDAwMDAwMDAwMDAsInJlYWQiOjI0MDAwMDAwMDAwMDAsInVwZGF0ZSI6MzYwMDAwMDAwMDAwMH0sInNjaGVtYV92ZXJzaW9uIjoiMiJ9"
        }
      ]
    }
  ],
  "check_results": null
}
