{
  "version": 4,
  "terraform_version": "1.12.2",
  "serial": 180,
  "lineage": "33bf3be7-ca1b-8949-59a1-37c39295f3ba",
  "outputs": {
    "cluster_ca_certificate": {
      "value": "LS0tLS1CRUdJTiBDRVJUSUZJQ0FURS0tLS0tCk1JSUVMVENDQXBXZ0F3SUJBZ0lSQUtaZ2I1aUNiclhBUllWU2p5Y1lERXN3RFFZSktvWklodmNOQVFFTEJRQXcKTHpFdE1Dc0dBMVVFQXhNa01UZGxOVEZsTkRBdE5UQXlZaTAwTXpRd0xUa3dZVGN0WWpJeVlqaG1OV05tWkdOaApNQ0FYRFRJMU1EZ3lOakl3TURjek9Gb1lEekl3TlRVd09ERTVNakV3TnpNNFdqQXZNUzB3S3dZRFZRUURFeVF4Ck4yVTFNV1UwTUMwMU1ESmlMVFF6TkRBdE9UQmhOeTFpTWpKaU9HWTFZMlprWTJFd2dnR2lNQTBHQ1NxR1NJYjMKRFFFQkFRVUFBNElCandBd2dnR0tBb0lCZ1FETEwvYzFEejlpNkRoRkFTYi9kSWhsSlRldzFlWWU1OG9Mb3VHUQpEMXQvOThFT2FLTkcvejAvNlNNUjQwU2RpMk8rRnE2MVcrUmZXNld6RWVvZG15TGFxMUtHQ0dNb0UrNEg0MDBnCkhaMTJwSjViSTZ4ZklXd293ZytJdUg4ZEZtaDhmdHlHNzlPWkNDbk1GcW1panEwOVlVbXY4MytHU0s2c0lRdXAKanNubmpyU1Y3emJjbmNRRkRKNU9YenJZcWxKSlc4T0dqcmRXbjFJVnpwWWFvOVVmNkF0U2Q4cE9yclFpKzFFdApPZ014bEQ4YmQxeHV1b2w1L3lvTzFIVmJ3TzBRT3dQMGJSSS8rd0tLZXpaTmZXRkR4Z0tvQnVFR1RXV2pMN3U2CkN4YjB0bHFzWEJKaW1SK2Q2YmZvTjlMTWc0emtZemtzYXhjbWF1TWp6U0pJMnRMcXVDQi8vVlRnOFU3UDIxYzAKdzZoUWo3aXQxcU1BL1h6YzVTdWVKT29YN0ZNS1drYUV5MXhNcTMzeDJNK0RhRmJrcGpDNmoyaDY1bUtFbHRBNApVcDQ0RU4rQm8wTDJOY2JxL05FZFpOSUh6WFFUQXJFUEFtVzhSZXpuYm95amxybmZ1RERwUEFBbWk4RnU2T0JvCllLdXNNNUQyTTZuZSs1NmZUSTZTdzk5c3pQVUNBd0VBQWFOQ01FQXdEZ1lEVlIwUEFRSC9CQVFEQWdJRU1BOEcKQTFVZEV3RUIvd1FGTUFNQkFmOHdIUVlEVlIwT0JCWUVGUG1XczVFeFZFc1Z5dCtmN2svNWN1NXlXRFpjTUEwRwpDU3FHU0liM0RRRUJDd1VBQTRJQmdRQXJJaWVWOWxDV250SnpjQXd3Wmt4K3lLRkxoRUdXMU1KbFZQL1VIbkZTClJnTXRhY0lXeTJZOU5aSjJJU3pSdVNpb0p1NHpKdTJqK0dFTThjZWloalRzN3ZXSDhuTlBvdUpmdUpnRE4vYUQKeGpGMnBpQXVnSE5PMmhESGxGaUdQbUZxL0hQU1B3QUxFSFc0VlV4dnpUMm04V3ZneHg5SlM3aWQ1SHRsSXVUawpjelhiL1VPSzVVdGlwRDVJK1llWitrVnIvbDZBOEJSV3U1cThOak5tRUZ5UGNWbzI0VG12cm5HOEEwcG1uNjZzCndvQnhxVjFEcFpZOGYzUENXY2xnRmpDU2dJL3F5dk9yWHpCaGpOZUVKYVFhRTZ6aEYvWGx6c3dPWXhYdGQxRVYKa25YT01ORFhYbmhTY0ZTZGFqWW8ycDFOYWwyRGdBMmFOMy8zZzc4NUJGUElaSUs0Qm1aOU1CVGwrZHdtNStBbApWSE5hUjBhSXhiclJOazR5YWxFMTg1TklTaitsaDhHYWl6SXBzOUxFZld6S3prYW1aMUdyNW50ckI1VDkxVDN3CjBDQlNmYU1pSi9WTm4xTDE1VzRhZVlLK1VqRlBXN1RBUmJkSEdtcFNIZTlQZW9qalZFcTlXSTlVcHVhSFp5eWEKYTBjMStaVTh1TFNBS2FPdjNlUGQ1cU09Ci0tLS0tRU5EIENFUlRJRklDQVRFLS0tLS0K",
      "type": "string",
      "sensitive": true
    },
    "cluster_endpoint": {
      "value": "34.27.108.57",
      "type": "string",
      "sensitive": true
    },
    "cluster_name": {
      "value": "kubeflow-mlops",
      "type": "string"
    },
    "kubeflow_artifacts_disk": {
      "value": "https://www.googleapis.com/compute/v1/projects/jamesdv-mlops/zones/us-central1-a/disks/kubeflow-mlops-artifacts",
      "type": "string"
    },
    "kubeflow_metadata_instance": {
      "value": "jamesdv-mlops:us-central1:kubeflow-mlops-metadata",
      "type": "string"
    }
  },
  "resources": [
    {
      "mode": "managed",
      "type": "google_compute_disk",
      "name": "kubeflow_artifacts",
      "provider": "provider[\"registry.terraform.io/hashicorp/google\"]",
      "instances": [
        {
          "schema_version": 0,
          "attributes": {
            "access_mode": "",
            "async_primary_disk": [],
            "creation_timestamp": "2025-08-26T14:06:43.132-07:00",
            "description": "",
            "disk_encryption_key": [],
            "disk_id": "5431727464495947533",
            "effective_labels": {
              "goog-terraform-provisioned": "true",
              "purpose": "kubeflow-artifacts"
            },
            "enable_confidential_compute": false,
            "guest_os_features": [],
            "id": "projects/jamesdv-mlops/zones/us-central1-a/disks/kubeflow-mlops-artifacts",
            "image": "",
            "label_fingerprint": "fN4bqj4druI=",
            "labels": {
              "purpose": "kubeflow-artifacts"
            },
            "last_attach_timestamp": "",
            "last_detach_timestamp": "",
            "licenses": [],
            "name": "kubeflow-mlops-artifacts",
            "physical_block_size_bytes": 4096,
            "project": "jamesdv-mlops",
            "provisioned_iops": 0,
            "provisioned_throughput": 0,
            "self_link": "https://www.googleapis.com/compute/v1/projects/jamesdv-mlops/zones/us-central1-a/disks/kubeflow-mlops-artifacts",
            "size": 100,
            "snapshot": "",
            "source_disk": "",
            "source_disk_id": "",
            "source_image_encryption_key": [],
            "source_image_id": "",
            "source_snapshot_encryption_key": [],
            "source_snapshot_id": "",
            "storage_pool": "",
            "terraform_labels": {
              "goog-terraform-provisioned": "true",
              "purpose": "kubeflow-artifacts"
            },
            "timeouts": null,
            "type": "pd-standard",
            "users": [],
            "zone": "us-central1-a"
          },
          "sensitive_attributes": [],
          "identity_schema_version": 0,
          "private": "eyJlMmJmYjczMC1lY2FhLTExZTYtOGY4OC0zNDM2M2JjN2M0YzAiOnsiY3JlYXRlIjoxMjAwMDAwMDAwMDAwLCJkZWxldGUiOjEyMDAwMDAwMDAwMDAsInVwZGF0ZSI6MTIwMDAwMDAwMDAwMH19"
        }
      ]
    },
    {
      "mode": "managed",
      "type": "google_compute_network",
      "name": "kubeflow_network",
      "provider": "provider[\"registry.terraform.io/hashicorp/google\"]",
      "instances": [
        {
          "schema_version": 0,
          "attributes": {
            "auto_create_subnetworks": false,
            "delete_default_routes_on_create": false,
            "description": "",
            "enable_ula_internal_ipv6": false,
            "gateway_ipv4": "",
            "id": "projects/jamesdv-mlops/global/networks/kubeflow-mlops-network",
            "internal_ipv6_range": "",
            "mtu": 0,
            "name": "kubeflow-mlops-network",
            "network_firewall_policy_enforcement_order": "AFTER_CLASSIC_FIREWALL",
            "numeric_id": "8016871655802642188",
            "project": "jamesdv-mlops",
            "routing_mode": "REGIONAL",
            "self_link": "https://www.googleapis.com/compute/v1/projects/jamesdv-mlops/global/networks/kubeflow-mlops-network",
            "timeouts": null
          },
          "sensitive_attributes": [],
          "identity_schema_version": 0,
          "private": "eyJlMmJmYjczMC1lY2FhLTExZTYtOGY4OC0zNDM2M2JjN2M0YzAiOnsiY3JlYXRlIjoxMjAwMDAwMDAwMDAwLCJkZWxldGUiOjEyMDAwMDAwMDAwMDAsInVwZGF0ZSI6MTIwMDAwMDAwMDAwMH19"
        }
      ]
    },
    {
      "mode": "managed",
      "type": "google_compute_subnetwork",
      "name": "kubeflow_subnet",
      "provider": "provider[\"registry.terraform.io/hashicorp/google\"]",
      "instances": [
        {
          "schema_version": 0,
          "attributes": {
            "creation_timestamp": "2025-08-26T14:07:05.484-07:00",
            "description": "",
            "external_ipv6_prefix": "",
            "fingerprint": null,
            "gateway_address": "10.0.0.1",
            "id": "projects/jamesdv-mlops/regions/us-central1/subnetworks/kubeflow-mlops-subnet",
            "internal_ipv6_prefix": "",
            "ip_cidr_range": "10.0.0.0/16",
            "ipv6_access_type": "",
            "ipv6_cidr_range": "",
            "log_config": [],
            "name": "kubeflow-mlops-subnet",
            "network": "https://www.googleapis.com/compute/v1/projects/jamesdv-mlops/global/networks/kubeflow-mlops-network",
            "private_ip_google_access": false,
            "private_ipv6_google_access": "DISABLE_GOOGLE_ACCESS",
            "project": "jamesdv-mlops",
            "purpose": "PRIVATE",
            "region": "us-central1",
            "reserved_internal_range": "",
            "role": "",
            "secondary_ip_range": [
              {
                "ip_cidr_range": "10.1.0.0/16",
                "range_name": "pods",
                "reserved_internal_range": ""
              },
              {
                "ip_cidr_range": "10.2.0.0/16",
                "range_name": "services",
                "reserved_internal_range": ""
              }
            ],
            "self_link": "https://www.googleapis.com/compute/v1/projects/jamesdv-mlops/regions/us-central1/subnetworks/kubeflow-mlops-subnet",
            "send_secondary_ip_range_if_empty": null,
            "stack_type": "IPV4_ONLY",
            "timeouts": null
          },
          "sensitive_attributes": [],
          "identity_schema_version": 0,
          "private": "eyJlMmJmYjczMC1lY2FhLTExZTYtOGY4OC0zNDM2M2JjN2M0YzAiOnsiY3JlYXRlIjoxMjAwMDAwMDAwMDAwLCJkZWxldGUiOjEyMDAwMDAwMDAwMDAsInVwZGF0ZSI6MTIwMDAwMDAwMDAwMH19",
          "dependencies": [
            "google_compute_network.kubeflow_network"
          ]
        }
      ]
    },
    {
      "mode": "managed",
      "type": "google_container_cluster",
      "name": "primary",
      "provider": "provider[\"registry.terraform.io/hashicorp/google\"]",
      "instances": [
        {
          "schema_version": 2,
          "attributes": {
            "addons_config": [
              {
                "cloudrun_config": [],
                "config_connector_config": [],
                "dns_cache_config": [],
                "gce_persistent_disk_csi_driver_config": [
                  {
                    "enabled": true
                  }
                ],
                "gcp_filestore_csi_driver_config": [],
                "gcs_fuse_csi_driver_config": [],
                "gke_backup_agent_config": [],
                "horizontal_pod_autoscaling": [],
                "http_load_balancing": [],
                "network_policy_config": [
                  {
                    "disabled": false
                  }
                ],
                "ray_operator_config": [],
                "stateful_ha_config": []
              }
            ],
            "allow_net_admin": null,
            "authenticator_groups_config": [],
            "binary_authorization": [
              {
                "enabled": false,
                "evaluation_mode": ""
              }
            ],
            "cluster_autoscaling": [
              {
                "auto_provisioning_defaults": [],
                "auto_provisioning_locations": [],
                "autoscaling_profile": "BALANCED",
                "enabled": false,
                "resource_limits": []
              }
            ],
            "cluster_ipv4_cidr": "10.1.0.0/16",
            "confidential_nodes": [],
            "cost_management_config": [],
            "database_encryption": [
              {
                "key_name": "",
                "state": "DECRYPTED"
              }
            ],
            "datapath_provider": "",
            "default_max_pods_per_node": 110,
            "default_snat_status": [
              {
                "disabled": false
              }
            ],
            "deletion_protection": false,
            "description": "",
            "dns_config": [],
            "effective_labels": {
              "goog-terraform-provisioned": "true"
            },
            "enable_autopilot": false,
            "enable_cilium_clusterwide_network_policy": false,
            "enable_intranode_visibility": false,
            "enable_k8s_beta_apis": [],
            "enable_kubernetes_alpha": false,
            "enable_l4_ilb_subsetting": false,
            "enable_legacy_abac": false,
            "enable_multi_networking": false,
            "enable_shielded_nodes": true,
            "enable_tpu": false,
            "endpoint": "34.27.108.57",
            "fleet": [],
            "gateway_api_config": [],
            "id": "projects/jamesdv-mlops/locations/us-central1/clusters/kubeflow-mlops",
            "identity_service_config": [],
            "initial_node_count": 1,
            "ip_allocation_policy": [
              {
                "additional_pod_ranges_config": [],
                "cluster_ipv4_cidr_block": "10.1.0.0/16",
                "cluster_secondary_range_name": "pods",
                "pod_cidr_overprovision_config": [
                  {
                    "disabled": false
                  }
                ],
                "services_ipv4_cidr_block": "10.2.0.0/16",
                "services_secondary_range_name": "services",
                "stack_type": "IPV4"
              }
            ],
            "label_fingerprint": "78cdf2f6",
            "location": "us-central1",
            "logging_config": [
              {
                "enable_components": [
                  "SYSTEM_COMPONENTS",
                  "WORKLOADS"
                ]
              }
            ],
            "logging_service": "logging.googleapis.com/kubernetes",
            "maintenance_policy": [],
            "master_auth": [
              {
                "client_certificate": "",
                "client_certificate_config": [
                  {
                    "issue_client_certificate": false
                  }
                ],
                "client_key": "",
                "cluster_ca_certificate": "LS0tLS1CRUdJTiBDRVJUSUZJQ0FURS0tLS0tCk1JSUVMVENDQXBXZ0F3SUJBZ0lSQUtaZ2I1aUNiclhBUllWU2p5Y1lERXN3RFFZSktvWklodmNOQVFFTEJRQXcKTHpFdE1Dc0dBMVVFQXhNa01UZGxOVEZsTkRBdE5UQXlZaTAwTXpRd0xUa3dZVGN0WWpJeVlqaG1OV05tWkdOaApNQ0FYRFRJMU1EZ3lOakl3TURjek9Gb1lEekl3TlRVd09ERTVNakV3TnpNNFdqQXZNUzB3S3dZRFZRUURFeVF4Ck4yVTFNV1UwTUMwMU1ESmlMVFF6TkRBdE9UQmhOeTFpTWpKaU9HWTFZMlprWTJFd2dnR2lNQTBHQ1NxR1NJYjMKRFFFQkFRVUFBNElCandBd2dnR0tBb0lCZ1FETEwvYzFEejlpNkRoRkFTYi9kSWhsSlRldzFlWWU1OG9Mb3VHUQpEMXQvOThFT2FLTkcvejAvNlNNUjQwU2RpMk8rRnE2MVcrUmZXNld6RWVvZG15TGFxMUtHQ0dNb0UrNEg0MDBnCkhaMTJwSjViSTZ4ZklXd293ZytJdUg4ZEZtaDhmdHlHNzlPWkNDbk1GcW1panEwOVlVbXY4MytHU0s2c0lRdXAKanNubmpyU1Y3emJjbmNRRkRKNU9YenJZcWxKSlc4T0dqcmRXbjFJVnpwWWFvOVVmNkF0U2Q4cE9yclFpKzFFdApPZ014bEQ4YmQxeHV1b2w1L3lvTzFIVmJ3TzBRT3dQMGJSSS8rd0tLZXpaTmZXRkR4Z0tvQnVFR1RXV2pMN3U2CkN4YjB0bHFzWEJKaW1SK2Q2YmZvTjlMTWc0emtZemtzYXhjbWF1TWp6U0pJMnRMcXVDQi8vVlRnOFU3UDIxYzAKdzZoUWo3aXQxcU1BL1h6YzVTdWVKT29YN0ZNS1drYUV5MXhNcTMzeDJNK0RhRmJrcGpDNmoyaDY1bUtFbHRBNApVcDQ0RU4rQm8wTDJOY2JxL05FZFpOSUh6WFFUQXJFUEFtVzhSZXpuYm95amxybmZ1RERwUEFBbWk4RnU2T0JvCllLdXNNNUQyTTZuZSs1NmZUSTZTdzk5c3pQVUNBd0VBQWFOQ01FQXdEZ1lEVlIwUEFRSC9CQVFEQWdJRU1BOEcKQTFVZEV3RUIvd1FGTUFNQkFmOHdIUVlEVlIwT0JCWUVGUG1XczVFeFZFc1Z5dCtmN2svNWN1NXlXRFpjTUEwRwpDU3FHU0liM0RRRUJDd1VBQTRJQmdRQXJJaWVWOWxDV250SnpjQXd3Wmt4K3lLRkxoRUdXMU1KbFZQL1VIbkZTClJnTXRhY0lXeTJZOU5aSjJJU3pSdVNpb0p1NHpKdTJqK0dFTThjZWloalRzN3ZXSDhuTlBvdUpmdUpnRE4vYUQKeGpGMnBpQXVnSE5PMmhESGxGaUdQbUZxL0hQU1B3QUxFSFc0VlV4dnpUMm04V3ZneHg5SlM3aWQ1SHRsSXVUawpjelhiL1VPSzVVdGlwRDVJK1llWitrVnIvbDZBOEJSV3U1cThOak5tRUZ5UGNWbzI0VG12cm5HOEEwcG1uNjZzCndvQnhxVjFEcFpZOGYzUENXY2xnRmpDU2dJL3F5dk9yWHpCaGpOZUVKYVFhRTZ6aEYvWGx6c3dPWXhYdGQxRVYKa25YT01ORFhYbmhTY0ZTZGFqWW8ycDFOYWwyRGdBMmFOMy8zZzc4NUJGUElaSUs0Qm1aOU1CVGwrZHdtNStBbApWSE5hUjBhSXhiclJOazR5YWxFMTg1TklTaitsaDhHYWl6SXBzOUxFZld6S3prYW1aMUdyNW50ckI1VDkxVDN3CjBDQlNmYU1pSi9WTm4xTDE1VzRhZVlLK1VqRlBXN1RBUmJkSEdtcFNIZTlQZW9qalZFcTlXSTlVcHVhSFp5eWEKYTBjMStaVTh1TFNBS2FPdjNlUGQ1cU09Ci0tLS0tRU5EIENFUlRJRklDQVRFLS0tLS0K"
              }
            ],
            "master_authorized_networks_config": [],
            "master_version": "1.31.11-gke.1002000",
            "mesh_certificates": [],
            "min_master_version": "1.31",
            "monitoring_config": [
              {
                "advanced_datapath_observability_config": [
                  {
                    "enable_metrics": false,
                    "enable_relay": false
                  }
                ],
                "enable_components": [
                  "SYSTEM_COMPONENTS",
                  "STORAGE",
                  "HPA",
                  "POD",
                  "DAEMONSET",
                  "DEPLOYMENT",
                  "STATEFULSET",
                  "CADVISOR",
                  "KUBELET"
                ],
                "managed_prometheus": [
                  {
                    "enabled": true
                  }
                ]
              }
            ],
            "monitoring_service": "monitoring.googleapis.com/kubernetes",
            "name": "kubeflow-mlops",
            "network": "projects/jamesdv-mlops/global/networks/kubeflow-mlops-network",
            "network_policy": [
              {
                "enabled": true,
                "provider": ""
              }
            ],
            "networking_mode": "VPC_NATIVE",
            "node_config": [],
            "node_locations": [
              "us-central1-a",
              "us-central1-c",
              "us-central1-f"
            ],
            "node_pool": [],
            "node_pool_auto_config": [],
            "node_pool_defaults": [
              {
                "node_config_defaults": [
                  {
                    "containerd_config": [],
                    "insecure_kubelet_readonly_port_enabled": "FALSE",
                    "logging_variant": "DEFAULT"
                  }
                ]
              }
            ],
            "node_version": "1.31.11-gke.1002000",
            "notification_config": [
              {
                "pubsub": [
                  {
                    "enabled": false,
                    "filter": [],
                    "topic": ""
                  }
                ]
              }
            ],
            "operation": null,
            "private_cluster_config": [
              {
                "enable_private_endpoint": false,
                "enable_private_nodes": false,
                "master_global_access_config": [
                  {
                    "enabled": false
                  }
                ],
                "master_ipv4_cidr_block": "",
                "peering_name": "",
                "private_endpoint": "10.0.0.2",
                "private_endpoint_subnetwork": "",
                "public_endpoint": "34.27.108.57"
              }
            ],
            "private_ipv6_google_access": "",
            "project": "jamesdv-mlops",
            "release_channel": [
              {
                "channel": "STABLE"
              }
            ],
            "remove_default_node_pool": true,
            "resource_labels": null,
            "resource_usage_export_config": [],
            "secret_manager_config": [
              {
                "enabled": false
              }
            ],
            "security_posture_config": [
              {
                "mode": "BASIC",
                "vulnerability_mode": "VULNERABILITY_MODE_UNSPECIFIED"
              }
            ],
            "self_link": "https://container.googleapis.com/v1/projects/jamesdv-mlops/locations/us-central1/clusters/kubeflow-mlops",
            "service_external_ips_config": [
              {
                "enabled": false
              }
            ],
            "services_ipv4_cidr": "10.2.0.0/16",
            "subnetwork": "projects/jamesdv-mlops/regions/us-central1/subnetworks/kubeflow-mlops-subnet",
            "terraform_labels": {
              "goog-terraform-provisioned": "true"
            },
            "timeouts": null,
            "tpu_ipv4_cidr_block": "",
            "vertical_pod_autoscaling": [],
            "workload_identity_config": [
              {
                "workload_pool": "jamesdv-mlops.svc.id.goog"
              }
            ]
          },
          "sensitive_attributes": [
            [
              {
                "type": "get_attr",
                "value": "master_auth"
              },
              {
                "type": "index",
                "value": {
                  "value": 0,
                  "type": "number"
                }
              },
              {
                "type": "get_attr",
                "value": "client_key"
              }
            ]
          ],
          "identity_schema_version": 0,
          "private": "eyJlMmJmYjczMC1lY2FhLTExZTYtOGY4OC0zNDM2M2JjN2M0YzAiOnsiY3JlYXRlIjoyNDAwMDAwMDAwMDAwLCJkZWxldGUiOjI0MDAwMDAwMDAwMDAsInJlYWQiOjI0MDAwMDAwMDAwMDAsInVwZGF0ZSI6MzYwMDAwMDAwMDAwMH0sInNjaGVtYV92ZXJzaW9uIjoiMiJ9",
          "dependencies": [
            "google_compute_network.kubeflow_network",
            "google_compute_subnetwork.kubeflow_subnet"
          ]
        }
      ]
    },
    {
      "mode": "managed",
      "type": "google_container_node_pool",
      "name": "kubeflow_gpu_pool",
      "provider": "provider[\"registry.terraform.io/hashicorp/google\"]",
      "instances": [
        {
          "schema_version": 1,
          "attributes": {
            "autoscaling": [
              {
                "location_policy": "ANY",
                "max_node_count": 3,
                "min_node_count": 0,
                "total_max_node_count": 0,
                "total_min_node_count": 0
              }
            ],
            "cluster": "kubeflow-mlops",
            "id": "projects/jamesdv-mlops/locations/us-central1/clusters/kubeflow-mlops/nodePools/kubeflow-mlops-gpu-pool",
            "initial_node_count": 0,
            "instance_group_urls": [
              "https://www.googleapis.com/compute/v1/projects/jamesdv-mlops/zones/us-central1-f/instanceGroupManagers/gke-kubeflow-mlops-kubeflow-mlops-gpu-889038bf-grp",
              "https://www.googleapis.com/compute/v1/projects/jamesdv-mlops/zones/us-central1-c/instanceGroupManagers/gke-kubeflow-mlops-kubeflow-mlops-gpu-1eb3369f-grp",
              "https://www.googleapis.com/compute/v1/projects/jamesdv-mlops/zones/us-central1-a/instanceGroupManagers/gke-kubeflow-mlops-kubeflow-mlops-gpu-20f7a098-grp"
            ],
            "location": "us-central1",
            "managed_instance_group_urls": [
              "https://www.googleapis.com/compute/v1/projects/jamesdv-mlops/zones/us-central1-f/instanceGroups/gke-kubeflow-mlops-kubeflow-mlops-gpu-889038bf-grp",
              "https://www.googleapis.com/compute/v1/projects/jamesdv-mlops/zones/us-central1-c/instanceGroups/gke-kubeflow-mlops-kubeflow-mlops-gpu-1eb3369f-grp",
              "https://www.googleapis.com/compute/v1/projects/jamesdv-mlops/zones/us-central1-a/instanceGroups/gke-kubeflow-mlops-kubeflow-mlops-gpu-20f7a098-grp"
            ],
            "management": [
              {
                "auto_repair": true,
                "auto_upgrade": true
              }
            ],
            "max_pods_per_node": 110,
            "name": "kubeflow-mlops-gpu-pool",
            "name_prefix": "",
            "network_config": [
              {
                "additional_node_network_configs": [],
                "additional_pod_network_configs": [],
                "create_pod_range": false,
                "enable_private_nodes": false,
                "network_performance_config": [],
                "pod_cidr_overprovision_config": [],
                "pod_ipv4_cidr_block": "10.1.0.0/16",
                "pod_range": "pods"
              }
            ],
            "node_config": [
              {
                "advanced_machine_features": [],
                "boot_disk_kms_key": "",
                "confidential_nodes": [],
                "containerd_config": [],
                "disk_size_gb": 100,
                "disk_type": "pd-standard",
                "effective_taints": [],
                "enable_confidential_storage": false,
                "ephemeral_storage_local_ssd_config": [],
                "fast_socket": [],
                "gcfs_config": [],
                "guest_accelerator": [
                  {
                    "count": 1,
                    "gpu_driver_installation_config": [
                      {
                        "gpu_driver_version": "DEFAULT"
                      }
                    ],
                    "gpu_partition_size": "",
                    "gpu_sharing_config": [],
                    "type": "nvidia-tesla-t4"
                  }
                ],
                "gvnic": [],
                "host_maintenance_policy": [],
                "image_type": "COS_CONTAINERD",
                "kubelet_config": [
                  {
                    "cpu_cfs_quota": false,
                    "cpu_cfs_quota_period": "",
                    "cpu_manager_policy": "",
                    "insecure_kubelet_readonly_port_enabled": "TRUE",
                    "pod_pids_limit": 0
                  }
                ],
                "labels": {
                  "purpose": "kubeflow-gpu"
                },
                "linux_node_config": [],
                "local_nvme_ssd_block_config": [],
                "local_ssd_count": 0,
                "logging_variant": "DEFAULT",
                "machine_type": "n1-standard-4",
                "metadata": {
                  "disable-legacy-endpoints": "true"
                },
                "min_cpu_platform": "",
                "node_group": "",
                "oauth_scopes": [
                  "https://www.googleapis.com/auth/cloud-platform"
                ],
                "preemptible": true,
                "reservation_affinity": [],
                "resource_labels": {
                  "goog-gke-accelerator-type": "nvidia-tesla-t4",
                  "goog-gke-node-pool-provisioning-model": "spot"
                },
                "resource_manager_tags": null,
                "secondary_boot_disks": [],
                "service_account": "kubeflow-mlops-node-sa@jamesdv-mlops.iam.gserviceaccount.com",
                "shielded_instance_config": [
                  {
                    "enable_integrity_monitoring": true,
                    "enable_secure_boot": false
                  }
                ],
                "sole_tenant_config": [],
                "spot": false,
                "tags": null,
                "taint": [],
                "workload_metadata_config": [
                  {
                    "mode": "GKE_METADATA"
                  }
                ]
              }
            ],
            "node_count": 0,
            "node_locations": [
              "us-central1-a",
              "us-central1-c",
              "us-central1-f"
            ],
            "operation": null,
            "placement_policy": [],
            "project": "jamesdv-mlops",
            "queued_provisioning": [],
            "timeouts": null,
            "upgrade_settings": [
              {
                "blue_green_settings": [],
                "max_surge": 1,
                "max_unavailable": 0,
                "strategy": "SURGE"
              }
            ],
            "version": "1.31.11-gke.1002000"
          },
          "sensitive_attributes": [],
          "identity_schema_version": 0,
          "private": "eyJlMmJmYjczMC1lY2FhLTExZTYtOGY4OC0zNDM2M2JjN2M0YzAiOnsiY3JlYXRlIjoxODAwMDAwMDAwMDAwLCJkZWxldGUiOjE4MDAwMDAwMDAwMDAsInVwZGF0ZSI6MTgwMDAwMDAwMDAwMH0sInNjaGVtYV92ZXJzaW9uIjoiMSJ9",
          "dependencies": [
            "google_compute_network.kubeflow_network",
            "google_compute_subnetwork.kubeflow_subnet",
            "google_container_cluster.primary",
            "google_service_account.kubeflow_node_sa"
          ]
        }
      ]
    },
    {
      "mode": "managed",
      "type": "google_container_node_pool",
      "name": "kubeflow_main_pool",
      "provider": "provider[\"registry.terraform.io/hashicorp/google\"]",
      "instances": [
        {
          "schema_version": 1,
          "attributes": {
            "autoscaling": [
              {
                "location_policy": "BALANCED",
                "max_node_count": 10,
                "min_node_count": 1,
                "total_max_node_count": 0,
                "total_min_node_count": 0
              }
            ],
            "cluster": "kubeflow-mlops",
            "id": "projects/jamesdv-mlops/locations/us-central1/clusters/kubeflow-mlops/nodePools/kubeflow-mlops-main-pool",
            "initial_node_count": 1,
            "instance_group_urls": [
              "https://www.googleapis.com/compute/v1/projects/jamesdv-mlops/zones/us-central1-f/instanceGroupManagers/gke-kubeflow-mlops-kubeflow-mlops-mai-864bd6db-grp",
              "https://www.googleapis.com/compute/v1/projects/jamesdv-mlops/zones/us-central1-c/instanceGroupManagers/gke-kubeflow-mlops-kubeflow-mlops-mai-d4bde270-grp",
              "https://www.googleapis.com/compute/v1/projects/jamesdv-mlops/zones/us-central1-a/instanceGroupManagers/gke-kubeflow-mlops-kubeflow-mlops-mai-0ffa595c-grp"
            ],
            "location": "us-central1",
            "managed_instance_group_urls": [
              "https://www.googleapis.com/compute/v1/projects/jamesdv-mlops/zones/us-central1-f/instanceGroups/gke-kubeflow-mlops-kubeflow-mlops-mai-864bd6db-grp",
              "https://www.googleapis.com/compute/v1/projects/jamesdv-mlops/zones/us-central1-c/instanceGroups/gke-kubeflow-mlops-kubeflow-mlops-mai-d4bde270-grp",
              "https://www.googleapis.com/compute/v1/projects/jamesdv-mlops/zones/us-central1-a/instanceGroups/gke-kubeflow-mlops-kubeflow-mlops-mai-0ffa595c-grp"
            ],
            "management": [
              {
                "auto_repair": true,
                "auto_upgrade": true
              }
            ],
            "max_pods_per_node": 110,
            "name": "kubeflow-mlops-main-pool",
            "name_prefix": "",
            "network_config": [
              {
                "additional_node_network_configs": [],
                "additional_pod_network_configs": [],
                "create_pod_range": false,
                "enable_private_nodes": false,
                "network_performance_config": [],
                "pod_cidr_overprovision_config": [],
                "pod_ipv4_cidr_block": "10.1.0.0/16",
                "pod_range": "pods"
              }
            ],
            "node_config": [
              {
                "advanced_machine_features": [],
                "boot_disk_kms_key": "",
                "confidential_nodes": [],
                "containerd_config": [],
                "disk_size_gb": 100,
                "disk_type": "pd-standard",
                "effective_taints": [],
                "enable_confidential_storage": false,
                "ephemeral_storage_local_ssd_config": [],
                "fast_socket": [],
                "gcfs_config": [],
                "guest_accelerator": [],
                "gvnic": [],
                "host_maintenance_policy": [],
                "image_type": "COS_CONTAINERD",
                "kubelet_config": [
                  {
                    "cpu_cfs_quota": false,
                    "cpu_cfs_quota_period": "",
                    "cpu_manager_policy": "",
                    "insecure_kubelet_readonly_port_enabled": "TRUE",
                    "pod_pids_limit": 0
                  }
                ],
                "labels": {
                  "purpose": "kubeflow-main"
                },
                "linux_node_config": [],
                "local_nvme_ssd_block_config": [],
                "local_ssd_count": 0,
                "logging_variant": "DEFAULT",
                "machine_type": "e2-standard-4",
                "metadata": {
                  "disable-legacy-endpoints": "true"
                },
                "min_cpu_platform": "",
                "node_group": "",
                "oauth_scopes": [
                  "https://www.googleapis.com/auth/cloud-platform"
                ],
                "preemptible": false,
                "reservation_affinity": [],
                "resource_labels": {
                  "goog-gke-node-pool-provisioning-model": "on-demand"
                },
                "resource_manager_tags": null,
                "secondary_boot_disks": [],
                "service_account": "kubeflow-mlops-node-sa@jamesdv-mlops.iam.gserviceaccount.com",
                "shielded_instance_config": [
                  {
                    "enable_integrity_monitoring": true,
                    "enable_secure_boot": false
                  }
                ],
                "sole_tenant_config": [],
                "spot": false,
                "tags": null,
                "taint": [],
                "workload_metadata_config": [
                  {
                    "mode": "GKE_METADATA"
                  }
                ]
              }
            ],
            "node_count": 1,
            "node_locations": [
              "us-central1-a",
              "us-central1-c",
              "us-central1-f"
            ],
            "operation": null,
            "placement_policy": [],
            "project": "jamesdv-mlops",
            "queued_provisioning": [],
            "timeouts": null,
            "upgrade_settings": [
              {
                "blue_green_settings": [],
                "max_surge": 1,
                "max_unavailable": 0,
                "strategy": "SURGE"
              }
            ],
            "version": "1.31.11-gke.1002000"
          },
          "sensitive_attributes": [],
          "identity_schema_version": 0,
          "private": "eyJlMmJmYjczMC1lY2FhLTExZTYtOGY4OC0zNDM2M2JjN2M0YzAiOnsiY3JlYXRlIjoxODAwMDAwMDAwMDAwLCJkZWxldGUiOjE4MDAwMDAwMDAwMDAsInVwZGF0ZSI6MTgwMDAwMDAwMDAwMH0sInNjaGVtYV92ZXJzaW9uIjoiMSJ9",
          "dependencies": [
            "google_compute_network.kubeflow_network",
            "google_compute_subnetwork.kubeflow_subnet",
            "google_container_cluster.primary",
            "google_service_account.kubeflow_node_sa"
          ]
        }
      ]
    },
    {
      "mode": "managed",
      "type": "google_project_iam_member",
      "name": "kubeflow_node_sa_roles",
      "provider": "provider[\"registry.terraform.io/hashicorp/google\"]",
      "instances": [
        {
          "index_key": "roles/logging.logWriter",
          "schema_version": 0,
          "attributes": {
            "condition": [],
            "etag": "BwY9Sw10f6E=",
            "id": "jamesdv-mlops/roles/logging.logWriter/serviceAccount:kubeflow-mlops-node-sa@jamesdv-mlops.iam.gserviceaccount.com",
            "member": "serviceAccount:kubeflow-mlops-node-sa@jamesdv-mlops.iam.gserviceaccount.com",
            "project": "jamesdv-mlops",
            "role": "roles/logging.logWriter"
          },
          "sensitive_attributes": [],
          "identity_schema_version": 0,
          "private": "bnVsbA==",
          "dependencies": [
            "google_service_account.kubeflow_node_sa"
          ]
        },
        {
          "index_key": "roles/monitoring.metricWriter",
          "schema_version": 0,
          "attributes": {
            "condition": [],
            "etag": "BwY9Sw10f6E=",
            "id": "jamesdv-mlops/roles/monitoring.metricWriter/serviceAccount:kubeflow-mlops-node-sa@jamesdv-mlops.iam.gserviceaccount.com",
            "member": "serviceAccount:kubeflow-mlops-node-sa@jamesdv-mlops.iam.gserviceaccount.com",
            "project": "jamesdv-mlops",
            "role": "roles/monitoring.metricWriter"
          },
          "sensitive_attributes": [],
          "identity_schema_version": 0,
          "private": "bnVsbA==",
          "dependencies": [
            "google_service_account.kubeflow_node_sa"
          ]
        },
        {
          "index_key": "roles/monitoring.viewer",
          "schema_version": 0,
          "attributes": {
            "condition": [],
            "etag": "BwY9Sw10f6E=",
            "id": "jamesdv-mlops/roles/monitoring.viewer/serviceAccount:kubeflow-mlops-node-sa@jamesdv-mlops.iam.gserviceaccount.com",
            "member": "serviceAccount:kubeflow-mlops-node-sa@jamesdv-mlops.iam.gserviceaccount.com",
            "project": "jamesdv-mlops",
            "role": "roles/monitoring.viewer"
          },
          "sensitive_attributes": [],
          "identity_schema_version": 0,
          "private": "bnVsbA==",
          "dependencies": [
            "google_service_account.kubeflow_node_sa"
          ]
        },
        {
          "index_key": "roles/storage.objectViewer",
          "schema_version": 0,
          "attributes": {
            "condition": [],
            "etag": "BwY9Sw10f6E=",
            "id": "jamesdv-mlops/roles/storage.objectViewer/serviceAccount:kubeflow-mlops-node-sa@jamesdv-mlops.iam.gserviceaccount.com",
            "member": "serviceAccount:kubeflow-mlops-node-sa@jamesdv-mlops.iam.gserviceaccount.com",
            "project": "jamesdv-mlops",
            "role": "roles/storage.objectViewer"
          },
          "sensitive_attributes": [],
          "identity_schema_version": 0,
          "private": "bnVsbA==",
          "dependencies": [
            "google_service_account.kubeflow_node_sa"
          ]
        }
      ]
    },
    {
      "mode": "managed",
      "type": "google_project_iam_member",
      "name": "kubeflow_pipelines_sa_roles",
      "provider": "provider[\"registry.terraform.io/hashicorp/google\"]",
      "instances": [
        {
          "index_key": "roles/cloudsql.client",
          "schema_version": 0,
          "attributes": {
            "condition": [],
            "etag": "BwY9Sw10f6E=",
            "id": "jamesdv-mlops/roles/cloudsql.client/serviceAccount:kubeflow-mlops-pipelines-sa@jamesdv-mlops.iam.gserviceaccount.com",
            "member": "serviceAccount:kubeflow-mlops-pipelines-sa@jamesdv-mlops.iam.gserviceaccount.com",
            "project": "jamesdv-mlops",
            "role": "roles/cloudsql.client"
          },
          "sensitive_attributes": [],
          "identity_schema_version": 0,
          "private": "bnVsbA==",
          "dependencies": [
            "google_service_account.kubeflow_pipelines_sa"
          ]
        },
        {
          "index_key": "roles/compute.instanceAdmin",
          "schema_version": 0,
          "attributes": {
            "condition": [],
            "etag": "BwY9Sw10f6E=",
            "id": "jamesdv-mlops/roles/compute.instanceAdmin/serviceAccount:kubeflow-mlops-pipelines-sa@jamesdv-mlops.iam.gserviceaccount.com",
            "member": "serviceAccount:kubeflow-mlops-pipelines-sa@jamesdv-mlops.iam.gserviceaccount.com",
            "project": "jamesdv-mlops",
            "role": "roles/compute.instanceAdmin"
          },
          "sensitive_attributes": [],
          "identity_schema_version": 0,
          "private": "bnVsbA==",
          "dependencies": [
            "google_service_account.kubeflow_pipelines_sa"
          ]
        },
        {
          "index_key": "roles/storage.admin",
          "schema_version": 0,
          "attributes": {
            "condition": [],
            "etag": "BwY9Sw10f6E=",
            "id": "jamesdv-mlops/roles/storage.admin/serviceAccount:kubeflow-mlops-pipelines-sa@jamesdv-mlops.iam.gserviceaccount.com",
            "member": "serviceAccount:kubeflow-mlops-pipelines-sa@jamesdv-mlops.iam.gserviceaccount.com",
            "project": "jamesdv-mlops",
            "role": "roles/storage.admin"
          },
          "sensitive_attributes": [],
          "identity_schema_version": 0,
          "private": "bnVsbA==",
          "dependencies": [
            "google_service_account.kubeflow_pipelines_sa"
          ]
        }
      ]
    },
    {
      "mode": "managed",
      "type": "google_service_account",
      "name": "kubeflow_node_sa",
      "provider": "provider[\"registry.terraform.io/hashicorp/google\"]",
      "instances": [
        {
          "schema_version": 0,
          "attributes": {
            "account_id": "kubeflow-mlops-node-sa",
            "create_ignore_already_exists": null,
            "description": "",
            "disabled": false,
            "display_name": "Kubeflow Node Service Account",
            "email": "kubeflow-mlops-node-sa@jamesdv-mlops.iam.gserviceaccount.com",
            "id": "projects/jamesdv-mlops/serviceAccounts/kubeflow-mlops-node-sa@jamesdv-mlops.iam.gserviceaccount.com",
            "member": "serviceAccount:kubeflow-mlops-node-sa@jamesdv-mlops.iam.gserviceaccount.com",
            "name": "projects/jamesdv-mlops/serviceAccounts/kubeflow-mlops-node-sa@jamesdv-mlops.iam.gserviceaccount.com",
            "project": "jamesdv-mlops",
            "timeouts": null,
            "unique_id": "115063504111281466237"
          },
          "sensitive_attributes": [],
          "identity_schema_version": 0,
          "private": "eyJlMmJmYjczMC1lY2FhLTExZTYtOGY4OC0zNDM2M2JjN2M0YzAiOnsiY3JlYXRlIjozMDAwMDAwMDAwMDB9fQ=="
        }
      ]
    },
    {
      "mode": "managed",
      "type": "google_service_account",
      "name": "kubeflow_pipelines_sa",
      "provider": "provider[\"registry.terraform.io/hashicorp/google\"]",
      "instances": [
        {
          "schema_version": 0,
          "attributes": {
            "account_id": "kubeflow-mlops-pipelines-sa",
            "create_ignore_already_exists": null,
            "description": "",
            "disabled": false,
            "display_name": "Kubeflow Pipelines Service Account",
            "email": "kubeflow-mlops-pipelines-sa@jamesdv-mlops.iam.gserviceaccount.com",
            "id": "projects/jamesdv-mlops/serviceAccounts/kubeflow-mlops-pipelines-sa@jamesdv-mlops.iam.gserviceaccount.com",
            "member": "serviceAccount:kubeflow-mlops-pipelines-sa@jamesdv-mlops.iam.gserviceaccount.com",
            "name": "projects/jamesdv-mlops/serviceAccounts/kubeflow-mlops-pipelines-sa@jamesdv-mlops.iam.gserviceaccount.com",
            "project": "jamesdv-mlops",
            "timeouts": null,
            "unique_id": "109455563434575759741"
          },
          "sensitive_attributes": [],
          "identity_schema_version": 0,
          "private": "eyJlMmJmYjczMC1lY2FhLTExZTYtOGY4OC0zNDM2M2JjN2M0YzAiOnsiY3JlYXRlIjozMDAwMDAwMDAwMDB9fQ=="
        }
      ]
    },
    {
      "mode": "managed",
      "type": "google_sql_database",
      "name": "kubeflow_metadata_db",
      "provider": "provider[\"registry.terraform.io/hashicorp/google\"]",
      "instances": [
        {
          "schema_version": 0,
          "attributes": {
            "charset": "utf8mb4",
            "collation": "utf8mb4_0900_ai_ci",
            "deletion_policy": "DELETE",
            "id": "projects/jamesdv-mlops/instances/kubeflow-mlops-metadata/databases/kubeflow_metadata",
            "instance": "kubeflow-mlops-metadata",
            "name": "kubeflow_metadata",
            "project": "jamesdv-mlops",
            "self_link": "https://sqladmin.googleapis.com/sql/v1beta4/projects/jamesdv-mlops/instances/kubeflow-mlops-metadata/databases/kubeflow_metadata",
            "timeouts": null
          },
          "sensitive_attributes": [],
          "identity_schema_version": 0,
          "private": "eyJlMmJmYjczMC1lY2FhLTExZTYtOGY4OC0zNDM2M2JjN2M0YzAiOnsiY3JlYXRlIjoxMjAwMDAwMDAwMDAwLCJkZWxldGUiOjEyMDAwMDAwMDAwMDAsInVwZGF0ZSI6MTIwMDAwMDAwMDAwMH19",
          "dependencies": [
            "google_sql_database_instance.kubeflow_metadata"
          ]
        }
      ]
    },
    {
      "mode": "managed",
      "type": "google_sql_database_instance",
      "name": "kubeflow_metadata",
      "provider": "provider[\"registry.terraform.io/hashicorp/google\"]",
      "instances": [
        {
          "schema_version": 0,
          "attributes": {
            "available_maintenance_versions": [],
            "clone": [],
            "connection_name": "jamesdv-mlops:us-central1:kubeflow-mlops-metadata",
            "database_version": "MYSQL_8_0",
            "deletion_protection": false,
            "dns_name": "",
            "encryption_key_name": null,
            "first_ip_address": "35.226.171.159",
            "id": "kubeflow-mlops-metadata",
            "instance_type": "CLOUD_SQL_INSTANCE",
            "ip_address": [
              {
                "ip_address": "35.226.171.159",
                "time_to_retire": "",
                "type": "PRIMARY"
              }
            ],
            "maintenance_version": "MYSQL_8_0_41.R20250531.01_15",
            "master_instance_name": "",
            "name": "kubeflow-mlops-metadata",
            "private_ip_address": "",
            "project": "jamesdv-mlops",
            "psc_service_attachment_link": "",
            "public_ip_address": "35.226.171.159",
            "region": "us-central1",
            "replica_configuration": [],
            "restore_backup_context": [],
            "root_password": null,
            "self_link": "https://sqladmin.googleapis.com/sql/v1beta4/projects/jamesdv-mlops/instances/kubeflow-mlops-metadata",
            "server_ca_cert": [
              {
                "cert": "-----BEGIN CERTIFICATE-----\nMIIDfzCCAmegAwIBAgIBADANBgkqhkiG9w0BAQsFADB3MS0wKwYDVQQuEyRjZGMx\nYzIzNC01YmViLTQ0NjktOTIyZS02ZGUyNGFkOTczZGIxIzAhBgNVBAMTGkdvb2ds\nZSBDbG91ZCBTUUwgU2VydmVyIENBMRQwEgYDVQQKEwtHb29nbGUsIEluYzELMAkG\nA1UEBhMCVVMwHhcNMjUwODI2MjEwNjQyWhcNMzUwODI0MjEwNzQyWjB3MS0wKwYD\nVQQuEyRjZGMxYzIzNC01YmViLTQ0NjktOTIyZS02ZGUyNGFkOTczZGIxIzAhBgNV\nBAMTGkdvb2dsZSBDbG91ZCBTUUwgU2VydmVyIENBMRQwEgYDVQQKEwtHb29nbGUs\nIEluYzELMAkGA1UEBhMCVVMwggEiMA0GCSqGSIb3DQEBAQUAA4IBDwAwggEKAoIB\nAQDIxmm+11OIEoXJyjYUuoThugIwMDwxlvUz5k0xYDBqrMIq9R/3uUORk89hUrEx\n6L0LBYjK6w9i7z3yXZ1Q1w8RrGkeodAc/y8zmb1HrR9GmWqH8ryCaeuH5/UyZDrg\naD4WwhUKi2By2LSTX46gm1ksphZbzEUAm0xyLVc0PAYih9ra78HVgB+MxECfWwnO\neMTJLHGqN/weNrOiRMGA3HOkCCglwM9uKbSvrHd5myAk7kO7dPquilVW6hAEtZvL\nIgnne9bFVFenuJDtk+dAWWejxMuSZHXfoUmLzqmhmtMy5ZSdB/Tbpj1NcZGes3T5\nbp9y1/MNIs/Nu05fWmoKoZDrAgMBAAGjFjAUMBIGA1UdEwEB/wQIMAYBAf8CAQAw\nDQYJKoZIhvcNAQELBQADggEBAAKs5/bmVEFhFpECt5ej2dckN+qwu2OaxGp7/PRt\n21NSTtAky6oeOaBm5J3jm82xv0kTZQzMSx77+HUX4B48/pU1ldbx0t0LjswraH6t\nRlTy1kfwvzh5L4uFkf2sX1DhXMGYftk2EF9Et7BEWEry2WiFoSybvhfrNBOSU01Y\nJaR+KM5fii4c3+BFCGKhjLWFS1GkoK6mX0wTSWM9XARRqfW3Csiu5ZN7i6mvVF0W\nOQ/F4O03QBFLUf3IKULifGnHnsGWbABGG5aOXWwUZJtrqCFpZylXYqhPJ47Fe902\nrh7Ylqcvekkmxp8VDu2q82I/XV3I9kbcb4Q+Ql82hkhZwMQ=\n-----END CERTIFICATE-----",
                "common_name": "C=US,O=Google\\, Inc,CN=Google Cloud SQL Server CA,dnQualifier=cdc1c234-5beb-4469-922e-6de24ad973db",
                "create_time": "2025-08-26T21:06:42.402Z",
                "expiration_time": "2035-08-24T21:07:42.402Z",
                "sha1_fingerprint": "07ae08eff0e2037e18bec3fb46e46fdb9aadbfd0"
              }
            ],
            "service_account_email_address": "p437098180253-ydxvjg@gcp-sa-cloud-sql.iam.gserviceaccount.com",
            "settings": [
              {
                "activation_policy": "ALWAYS",
                "active_directory_config": [],
                "advanced_machine_features": [],
                "availability_type": "ZONAL",
                "backup_configuration": [
                  {
                    "backup_retention_settings": [
                      {
                        "retained_backups": 7,
                        "retention_unit": "COUNT"
                      }
                    ],
                    "binary_log_enabled": false,
                    "enabled": true,
                    "location": "",
                    "point_in_time_recovery_enabled": false,
                    "start_time": "03:00",
                    "transaction_log_retention_days": 7
                  }
                ],
                "collation": "",
                "connector_enforcement": "NOT_REQUIRED",
                "data_cache_config": [],
                "database_flags": [],
                "deletion_protection_enabled": false,
                "deny_maintenance_period": [],
                "disk_autoresize": true,
                "disk_autoresize_limit": 0,
                "disk_size": 10,
                "disk_type": "PD_SSD",
                "edition": "ENTERPRISE",
                "enable_dataplex_integration": false,
                "enable_google_ml_integration": false,
                "insights_config": [],
                "ip_configuration": [
                  {
                    "allocated_ip_range": "",
                    "authorized_networks": [
                      {
                        "expiration_time": "",
                        "name": "kubeflow-cluster",
                        "value": "0.0.0.0/0"
                      }
                    ],
                    "enable_private_path_for_google_cloud_services": false,
                    "ipv4_enabled": true,
                    "private_network": "",
                    "psc_config": [],
                    "server_ca_mode": "GOOGLE_MANAGED_INTERNAL_CA",
                    "ssl_mode": "ALLOW_UNENCRYPTED_AND_ENCRYPTED"
                  }
                ],
                "location_preference": [
                  {
                    "follow_gae_application": "",
                    "secondary_zone": "",
                    "zone": "us-central1-f"
                  }
                ],
                "maintenance_window": [],
                "password_validation_policy": [],
                "pricing_plan": "PER_USE",
                "sql_server_audit_config": [],
                "tier": "db-f1-micro",
                "time_zone": "",
                "user_labels": {},
                "version": 1
              }
            ],
            "timeouts": null
          },
          "sensitive_attributes": [
            [
              {
                "type": "get_attr",
                "value": "root_password"
              }
            ],
            [
              {
                "type": "get_attr",
                "value": "server_ca_cert"
              }
            ]
          ],
          "identity_schema_version": 0,
          "private": "eyJlMmJmYjczMC1lY2FhLTExZTYtOGY4OC0zNDM2M2JjN2M0YzAiOnsiY3JlYXRlIjo1NDAwMDAwMDAwMDAwLCJkZWxldGUiOjU0MDAwMDAwMDAwMDAsInVwZGF0ZSI6NTQwMDAwMDAwMDAwMH19"
        }
      ]
    },
    {
      "mode": "managed",
      "type": "google_sql_user",
      "name": "kubeflow_metadata_user",
      "provider": "provider[\"registry.terraform.io/hashicorp/google\"]",
      "instances": [
        {
          "schema_version": 1,
          "attributes": {
            "deletion_policy": null,
            "host": "",
            "id": "kubeflow//kubeflow-mlops-metadata",
            "instance": "kubeflow-mlops-metadata",
            "name": "kubeflow",
            "password": "kubeflow123!",
            "password_policy": [],
            "project": "jamesdv-mlops",
            "sql_server_user_details": [],
            "timeouts": null,
            "type": ""
          },
          "sensitive_attributes": [
            [
              {
                "type": "get_attr",
                "value": "password"
              }
            ]
          ],
          "identity_schema_version": 0,
          "private": "eyJlMmJmYjczMC1lY2FhLTExZTYtOGY4OC0zNDM2M2JjN2M0YzAiOnsiY3JlYXRlIjo2MDAwMDAwMDAwMDAsImRlbGV0ZSI6NjAwMDAwMDAwMDAwLCJ1cGRhdGUiOjYwMDAwMDAwMDAwMH0sInNjaGVtYV92ZXJzaW9uIjoiMSJ9",
          "dependencies": [
            "google_sql_database_instance.kubeflow_metadata"
          ]
        }
      ]
    }
  ],
  "check_results": null
}
